
Microsoft Visual Studio Solution File, Format Version 12.00
# Visual Studio Version 17
VisualStudioVersion = 17.14.36518.9 d17.14
MinimumVisualStudioVersion = 10.0.40219.1
Project("{2150E333-8FDC-42A3-9474-1A3956D46DE8}") = "StockService", "StockService", "{02EA681E-C7D8-13C7-8484-4AC65E1B71E8}"
EndProject
Project("{2150E333-8FDC-42A3-9474-1A3956D46DE8}") = "Kernel", "Kernel", "{57BCC4B0-30B8-400D-8F67-15B05E9D3329}"
EndProject
Project("{FAE04EC0-301F-11D3-BF4B-00C04F79EFBC}") = "Shared", "Kernel\Shared\Shared.csproj", "{9229BF47-EA66-4143-B1BF-E0CC3DCEFCF9}"
EndProject
Project("{FAE04EC0-301F-11D3-BF4B-00C04F79EFBC}") = "Identity", "Kernel\Identity\Identity.csproj", "{519A5D1E-21F5-4CAC-9FFE-17F8D3C44729}"
EndProject
Project("{FAE04EC0-301F-11D3-BF4B-00C04F79EFBC}") = "Messaging", "Kernel\Messaging\Messaging.csproj", "{D8552C66-9737-4C78-A806-1C9A0428ADF3}"
EndProject
Project("{2150E333-8FDC-42A3-9474-1A3956D46DE8}") = "StockService.Core", "StockService.Core", "{6C12E1E2-80DB-4846-BD30-85FBB94A9DA2}"
EndProject
Project("{2150E333-8FDC-42A3-9474-1A3956D46DE8}") = "StockService.Persistance", "StockService.Persistance", "{F81D7BAA-DFB4-48F7-BF3B-F8EE7F7C96BE}"
EndProject
Project("{2150E333-8FDC-42A3-9474-1A3956D46DE8}") = "StockService.Presentation", "StockService.Presentation", "{6B8D7273-3978-4D70-98B1-7939677D3EC0}"
EndProject
Project("{FAE04EC0-301F-11D3-BF4B-00C04F79EFBC}") = "StockService.Core.Domain", "StockService\StockService.Core\StockService.Core.Domain\StockService.Core.Domain.csproj", "{0CF5A9B9-09B3-4ADA-886C-BAE95EA194E3}"
EndProject
Project("{2150E333-8FDC-42A3-9474-1A3956D46DE8}") = "PurchaseService", "PurchaseService", "{1E6535B5-8E5A-44A7-80F8-455016E0B74C}"
EndProject
Project("{FAE04EC0-301F-11D3-BF4B-00C04F79EFBC}") = "StockService.Persistance.Infrastructure", "StockService\StockService.Persistance\StockService.Persistance.Infrastructure\StockService.Persistance.Infrastructure.csproj", "{2AE4C06F-6AE4-4BAD-B1F7-B5C99B2DCEC9}"
EndProject
Project("{FAE04EC0-301F-11D3-BF4B-00C04F79EFBC}") = "StockService.Persistance.Messaging", "StockService\StockService.Persistance\StockService.Persistance.Messaging\StockService.Persistance.Messaging.csproj", "{43CBB38C-BECE-4DD9-967A-6F9FB5B535DF}"
EndProject
Project("{FAE04EC0-301F-11D3-BF4B-00C04F79EFBC}") = "StockService.Persistance.RealTimeHub", "StockService\StockService.Persistance\StockService.Persistance.RealTimeHub\StockService.Persistance.RealTimeHub.csproj", "{A85172E6-A3FF-4EAE-B8F1-777814D9DF22}"
EndProject
Project("{FAE04EC0-301F-11D3-BF4B-00C04F79EFBC}") = "StockService.Core.Application", "StockService\StockService.Core\StockService.Core.Application\StockService.Core.Application.csproj", "{580EFF0B-7E35-4F8A-B5F8-8C2ED02E8057}"
EndProject
Global
	GlobalSection(SolutionConfigurationPlatforms) = preSolution
		Debug|Any CPU = Debug|Any CPU
		Release|Any CPU = Release|Any CPU
	EndGlobalSection
	GlobalSection(ProjectConfigurationPlatforms) = postSolution
		{9229BF47-EA66-4143-B1BF-E0CC3DCEFCF9}.Debug|Any CPU.ActiveCfg = Debug|Any CPU
		{9229BF47-EA66-4143-B1BF-E0CC3DCEFCF9}.Debug|Any CPU.Build.0 = Debug|Any CPU
		{9229BF47-EA66-4143-B1BF-E0CC3DCEFCF9}.Release|Any CPU.ActiveCfg = Release|Any CPU
		{9229BF47-EA66-4143-B1BF-E0CC3DCEFCF9}.Release|Any CPU.Build.0 = Release|Any CPU
		{519A5D1E-21F5-4CAC-9FFE-17F8D3C44729}.Debug|Any CPU.ActiveCfg = Debug|Any CPU
		{519A5D1E-21F5-4CAC-9FFE-17F8D3C44729}.Debug|Any CPU.Build.0 = Debug|Any CPU
		{519A5D1E-21F5-4CAC-9FFE-17F8D3C44729}.Release|Any CPU.ActiveCfg = Release|Any CPU
		{519A5D1E-21F5-4CAC-9FFE-17F8D3C44729}.Release|Any CPU.Build.0 = Release|Any CPU
		{D8552C66-9737-4C78-A806-1C9A0428ADF3}.Debug|Any CPU.ActiveCfg = Debug|Any CPU
		{D8552C66-9737-4C78-A806-1C9A0428ADF3}.Debug|Any CPU.Build.0 = Debug|Any CPU
		{D8552C66-9737-4C78-A806-1C9A0428ADF3}.Release|Any CPU.ActiveCfg = Release|Any CPU
		{D8552C66-9737-4C78-A806-1C9A0428ADF3}.Release|Any CPU.Build.0 = Release|Any CPU
		{0CF5A9B9-09B3-4ADA-886C-BAE95EA194E3}.Debug|Any CPU.ActiveCfg = Debug|Any CPU
		{0CF5A9B9-09B3-4ADA-886C-BAE95EA194E3}.Debug|Any CPU.Build.0 = Debug|Any CPU
		{0CF5A9B9-09B3-4ADA-886C-BAE95EA194E3}.Release|Any CPU.ActiveCfg = Release|Any CPU
		{0CF5A9B9-09B3-4ADA-886C-BAE95EA194E3}.Release|Any CPU.Build.0 = Release|Any CPU
		{2AE4C06F-6AE4-4BAD-B1F7-B5C99B2DCEC9}.Debug|Any CPU.ActiveCfg = Debug|Any CPU
		{2AE4C06F-6AE4-4BAD-B1F7-B5C99B2DCEC9}.Debug|Any CPU.Build.0 = Debug|Any CPU
		{2AE4C06F-6AE4-4BAD-B1F7-B5C99B2DCEC9}.Release|Any CPU.ActiveCfg = Release|Any CPU
		{2AE4C06F-6AE4-4BAD-B1F7-B5C99B2DCEC9}.Release|Any CPU.Build.0 = Release|Any CPU
		{43CBB38C-BECE-4DD9-967A-6F9FB5B535DF}.Debug|Any CPU.ActiveCfg = Debug|Any CPU
		{43CBB38C-BECE-4DD9-967A-6F9FB5B535DF}.Debug|Any CPU.Build.0 = Debug|Any CPU
		{43CBB38C-BECE-4DD9-967A-6F9FB5B535DF}.Release|Any CPU.ActiveCfg = Release|Any CPU
		{43CBB38C-BECE-4DD9-967A-6F9FB5B535DF}.Release|Any CPU.Build.0 = Release|Any CPU
		{A85172E6-A3FF-4EAE-B8F1-777814D9DF22}.Debug|Any CPU.ActiveCfg = Debug|Any CPU
		{A85172E6-A3FF-4EAE-B8F1-777814D9DF22}.Debug|Any CPU.Build.0 = Debug|Any CPU
		{A85172E6-A3FF-4EAE-B8F1-777814D9DF22}.Release|Any CPU.ActiveCfg = Release|Any CPU
		{A85172E6-A3FF-4EAE-B8F1-777814D9DF22}.Release|Any CPU.Build.0 = Release|Any CPU
		{580EFF0B-7E35-4F8A-B5F8-8C2ED02E8057}.Debug|Any CPU.ActiveCfg = Debug|Any CPU
		{580EFF0B-7E35-4F8A-B5F8-8C2ED02E8057}.Debug|Any CPU.Build.0 = Debug|Any CPU
		{580EFF0B-7E35-4F8A-B5F8-8C2ED02E8057}.Release|Any CPU.ActiveCfg = Release|Any CPU
		{580EFF0B-7E35-4F8A-B5F8-8C2ED02E8057}.Release|Any CPU.Build.0 = Release|Any CPU
	EndGlobalSection
	GlobalSection(SolutionProperties) = preSolution
		HideSolutionNode = FALSE
	EndGlobalSection
	GlobalSection(NestedProjects) = preSolution
		{9229BF47-EA66-4143-B1BF-E0CC3DCEFCF9} = {57BCC4B0-30B8-400D-8F67-15B05E9D3329}
		{519A5D1E-21F5-4CAC-9FFE-17F8D3C44729} = {57BCC4B0-30B8-400D-8F67-15B05E9D3329}
		{D8552C66-9737-4C78-A806-1C9A0428ADF3} = {57BCC4B0-30B8-400D-8F67-15B05E9D3329}
		{6C12E1E2-80DB-4846-BD30-85FBB94A9DA2} = {02EA681E-C7D8-13C7-8484-4AC65E1B71E8}
		{F81D7BAA-DFB4-48F7-BF3B-F8EE7F7C96BE} = {02EA681E-C7D8-13C7-8484-4AC65E1B71E8}
		{6B8D7273-3978-4D70-98B1-7939677D3EC0} = {02EA681E-C7D8-13C7-8484-4AC65E1B71E8}
		{0CF5A9B9-09B3-4ADA-886C-BAE95EA194E3} = {6C12E1E2-80DB-4846-BD30-85FBB94A9DA2}
		{2AE4C06F-6AE4-4BAD-B1F7-B5C99B2DCEC9} = {F81D7BAA-DFB4-48F7-BF3B-F8EE7F7C96BE}
		{43CBB38C-BECE-4DD9-967A-6F9FB5B535DF} = {F81D7BAA-DFB4-48F7-BF3B-F8EE7F7C96BE}
		{A85172E6-A3FF-4EAE-B8F1-777814D9DF22} = {F81D7BAA-DFB4-48F7-BF3B-F8EE7F7C96BE}
		{580EFF0B-7E35-4F8A-B5F8-8C2ED02E8057} = {6C12E1E2-80DB-4846-BD30-85FBB94A9DA2}
	EndGlobalSection
	GlobalSection(ExtensibilityGlobals) = postSolution
		SolutionGuid = {B9B6EA8D-7530-4DC7-9FB8-C9E7F43F07CD}
	EndGlobalSection
EndGlobal
